
Microsoft Visual Studio Solution File, Format Version 12.00
# Visual Studio Version 17
VisualStudioVersion = 17.4.33213.308
MinimumVisualStudioVersion = 10.0.40219.1
Project("{2150E333-8FDC-42A3-9474-1A3956D46DE8}") = "Common", "Common", "{851E6B87-BB63-4020-BDFE-5D3700053BA8}"
EndProject
Project("{2150E333-8FDC-42A3-9474-1A3956D46DE8}") = "SQL", "SQL", "{E187FDB1-9FB8-46B3-8EAD-CBB512A0AFA8}"
	ProjectSection(SolutionItems) = preProject
		SQL\companies.sql = SQL\companies.sql
		SQL\dictionaries.sql = SQL\dictionaries.sql
		SQL\xerion.sql = SQL\xerion.sql
	EndProjectSection
EndProject
Project("{9A19103F-16F7-4668-BE54-9A1E7A4F7556}") = "Intotech.Common", "..\intotech.common\Intotech.Common\Intotech.Common.csproj", "{1AF2CBE6-8BF6-449F-A267-E7920724E407}"
EndProject
Project("{9A19103F-16F7-4668-BE54-9A1E7A4F7556}") = "Intotech.Common.Bll", "..\intotech.common\Intotech.Common.Bll\Intotech.Common.Bll.csproj", "{3C0A0F4A-89A1-45C0-BECC-E8645CB63297}"
EndProject
Project("{9A19103F-16F7-4668-BE54-9A1E7A4F7556}") = "Intotech.Common.Bll.Interfaces", "..\intotech.common\Intotech.Common.Bll.Interfaces\Intotech.Common.Bll.Interfaces.csproj", "{C2EE461A-26A6-4337-A2BD-846B2070A191}"
EndProject
Project("{9A19103F-16F7-4668-BE54-9A1E7A4F7556}") = "Intotech.Common.Database.Interfaces", "..\intotech.common\Intotech.Common.Database.Interfaces\Intotech.Common.Database.Interfaces.csproj", "{3F91D816-CA6A-48BE-AF0A-D75AEA056421}"
EndProject
Project("{9A19103F-16F7-4668-BE54-9A1E7A4F7556}") = "Intotech.Common.Microservices", "..\intotech.common\Intotech.Common.Microservices\Intotech.Common.Microservices.csproj", "{766C4C40-E569-46C3-B685-36F340997B2F}"
EndProject
Project("{9A19103F-16F7-4668-BE54-9A1E7A4F7556}") = "Intotech.Common.Microservices.Interfaces", "..\intotech.common\Intotech.Common.Microservices.Interfaces\Intotech.Common.Microservices.Interfaces.csproj", "{FA35095C-31E0-467E-B8FC-FDD43F794C50}"
EndProject
Project("{9A19103F-16F7-4668-BE54-9A1E7A4F7556}") = "Intotech.Common.Tests", "..\intotech.common\Intotech.Common.Tests\Intotech.Common.Tests.csproj", "{D101F989-7681-4EA4-BCA4-9116C6097A6B}"
EndProject
Project("{9A19103F-16F7-4668-BE54-9A1E7A4F7556}") = "Intotech.ExcelLibrary.Extensions", "..\intotech.common\Intotech.ExcelLibrary.Extensions\Intotech.ExcelLibrary.Extensions.csproj", "{72A8C50B-6A86-429C-B484-3A4331B9CA07}"
EndProject
Project("{9A19103F-16F7-4668-BE54-9A1E7A4F7556}") = "Intotech.ReflectiveTools", "..\intotech.common\Intotech.ReflectiveTools\Intotech.ReflectiveTools.csproj", "{47E46CA4-27F2-436E-A6C0-310808881376}"
EndProject
Project("{9A19103F-16F7-4668-BE54-9A1E7A4F7556}") = "Intotech.Runner", "..\intotech.common\Intotech.Runner\Intotech.Runner.csproj", "{2000BA44-8FB0-46F2-868A-ADFEA3219476}"
EndProject
Project("{9A19103F-16F7-4668-BE54-9A1E7A4F7556}") = "Intotech.Common.Database", "..\intotech.common\Toci.Common.Database\Intotech.Common.Database.csproj", "{F47DE9FB-20BE-4F79-9BD3-D3D5422E867B}"
EndProject
Project("{9A19103F-16F7-4668-BE54-9A1E7A4F7556}") = "Intotech.Xerion.Database.Persistence", "Backend\Intotech.Xerion.Database.Persistence\Intotech.Xerion.Database.Persistence.csproj", "{7FE82D82-1AEF-4316-9E16-6BDE08668D30}"
EndProject
Project("{9A19103F-16F7-4668-BE54-9A1E7A4F7556}") = "Intotech.Xerion.Api", "Backend\Intotech.Xerion.Api\Intotech.Xerion.Api.csproj", "{07B57C61-E597-4887-AC2C-E49A43745AFE}"
EndProject
Project("{9A19103F-16F7-4668-BE54-9A1E7A4F7556}") = "Intotech.Xerion.Bll", "Backend\Intotech.Xerion.Bll\Intotech.Xerion.Bll.csproj", "{4B540972-6A5E-4FD3-BFEA-0FF0E23CA613}"
EndProject
Project("{9A19103F-16F7-4668-BE54-9A1E7A4F7556}") = "Intotech.Xerion.Bll.Interfaces", "Backend\Intotech.Xerion.Bll.Interfaces\Intotech.Xerion.Bll.Interfaces.csproj", "{D4661DEE-FA82-436A-AADF-CCA124D3E2CD}"
EndProject
Project("{9A19103F-16F7-4668-BE54-9A1E7A4F7556}") = "Intotech.Xerion.Bll.Models", "Backend\Intotech.Xerion.Bll.Models\Intotech.Xerion.Bll.Models.csproj", "{D70DE48F-D75E-4DC9-B8D2-A4CEDEF7C078}"
EndProject
Project("{2150E333-8FDC-42A3-9474-1A3956D46DE8}") = "Intotech.Xerion.Companies", "Intotech.Xerion.Companies", "{837E60F0-2611-4068-9B41-EE508E668B2E}"
EndProject
Project("{2150E333-8FDC-42A3-9474-1A3956D46DE8}") = "Intotech.Xerion.Dictionaries", "Intotech.Xerion.Dictionaries", "{1F3F906D-6777-4170-BB05-130379C0FD51}"
EndProject
Project("{9A19103F-16F7-4668-BE54-9A1E7A4F7556}") = "Intotech.Xerion.Common", "Backend\Intotech.Xerion.Common\Intotech.Xerion.Common.csproj", "{853E3081-65AB-4F29-ADA4-142356D54F35}"
EndProject
Project("{9A19103F-16F7-4668-BE54-9A1E7A4F7556}") = "Intotech.Xerion.Common.Interfaces", "Backend\Intotech.Xerion.Common.Interfaces\Intotech.Xerion.Common.Interfaces.csproj", "{48B8F37C-0075-4DAA-BD08-C2F4CAB24D65}"
EndProject
Project("{9A19103F-16F7-4668-BE54-9A1E7A4F7556}") = "Intotech.Xerion.Companies.Api", "Backend\Intotech.Xerion.Companies\Intotech.Xerion.Companies.Api\Intotech.Xerion.Companies.Api.csproj", "{B2675076-1101-4058-AF05-78FDFAA59171}"
EndProject
Project("{9A19103F-16F7-4668-BE54-9A1E7A4F7556}") = "Intotech.Xerion.Dictionaries.Api", "Backend\Intotech.Xerion.Dictionaries\Intotech.Xerion.Dictionaries.Api\Intotech.Xerion.Dictionaries.Api.csproj", "{EB24C52A-20DB-41EE-B0B3-B84C4F980619}"
EndProject
Project("{9A19103F-16F7-4668-BE54-9A1E7A4F7556}") = "Intotech.Xerion.Companies.Database.Persistence", "Backend\Intotech.Xerion.Companies\Intotech.Xerion.Companies.Database.Persistence\Intotech.Xerion.Companies.Database.Persistence.csproj", "{7985D176-2969-4EDD-AAE2-7EB133749374}"
EndProject
Project("{9A19103F-16F7-4668-BE54-9A1E7A4F7556}") = "Intotech.Xerion.Dictionaries.Database.Persistence", "Backend\Intotech.Xerion.Dictionaries\Intotech.Xerion.Dictionaries.Database.Persistence\Intotech.Xerion.Dictionaries.Database.Persistence.csproj", "{A1F5C1CD-BCEB-450E-B770-EB47C97633FD}"
EndProject
Project("{9A19103F-16F7-4668-BE54-9A1E7A4F7556}") = "Intotech.Xerion.Bll.Persistence.Interfaces", "Backend\Intotech.Xerion.Bll.Persistence.Interfaces\Intotech.Xerion.Bll.Persistence.Interfaces.csproj", "{3A4AC045-DA2C-451E-8D27-AF17538112F8}"
EndProject
Project("{9A19103F-16F7-4668-BE54-9A1E7A4F7556}") = "Intotech.Xerion.Bll.Persistence", "Backend\Intotech.Xerion.Bll.Persistence\Intotech.Xerion.Bll.Persistence.csproj", "{4DF695FF-85A0-4C75-9C6E-C7F38B3A3812}"
EndProject
Project("{9A19103F-16F7-4668-BE54-9A1E7A4F7556}") = "Intotech.Xerion.Tests", "Backend\Intotech.Xerion.Tests\Intotech.Xerion.Tests.csproj", "{7FA432AF-2074-4CE9-9F3D-6BE48A4DC75A}"
EndProject
Project("{2150E333-8FDC-42A3-9474-1A3956D46DE8}") = "Intotech.Xerion.Chat", "Intotech.Xerion.Chat", "{A43D89E9-98B8-44EE-8D4D-502F203C6F61}"
EndProject
Project("{9A19103F-16F7-4668-BE54-9A1E7A4F7556}") = "Intotech.Xerion.Chat.Api", "Backend\Intotech.Xerion.Chat\Intotech.Xerion.Chat.Api\Intotech.Xerion.Chat.Api.csproj", "{3EB4C730-8F73-4887-BB5C-5E7900DA7439}"
EndProject
Project("{9A19103F-16F7-4668-BE54-9A1E7A4F7556}") = "Intotech.Xerion.Chat.Database.Persistence", "Backend\Intotech.Xerion.Chat\Intotech.Xerion.Chat.Database.Persistence\Intotech.Xerion.Chat.Database.Persistence.csproj", "{41D90402-125F-43F0-94B2-39C484535960}"
EndProject
Project("{9A19103F-16F7-4668-BE54-9A1E7A4F7556}") = "Intotech.Xerion.Chat.Bll.Persistence", "Backend\Intotech.Xerion.Chat\Intotech.Xerion.Chat.Bll.Persistence\Intotech.Xerion.Chat.Bll.Persistence.csproj", "{3C9EA402-45EE-4A6E-9D2C-5E87AAF214EC}"
EndProject
Project("{9A19103F-16F7-4668-BE54-9A1E7A4F7556}") = "Intotech.Xerion.Chat.Bll.Persistence.Interfaces", "Backend\Intotech.Xerion.Chat\Intotech.Xerion.Chat.Bll.Persistence.Interfaces\Intotech.Xerion.Chat.Bll.Persistence.Interfaces.csproj", "{C24EC2E6-4B2B-4F09-B674-4A9A57FD9F2C}"
EndProject
Project("{9A19103F-16F7-4668-BE54-9A1E7A4F7556}") = "Intotech.Xerion.Chat", "Backend\Intotech.Xerion.Chat\Intotech.Xerion.Chat\Intotech.Xerion.Chat.csproj", "{F9F96CB1-CE02-4C2C-AA11-10923A7000E6}"
EndProject
Project("{9A19103F-16F7-4668-BE54-9A1E7A4F7556}") = "Intotech.Xerion.Chat.Interfaces", "Backend\Intotech.Xerion.Chat\Intotech.Xerion.Chat.Interfaces\Intotech.Xerion.Chat.Interfaces.csproj", "{CB6AAFF3-2795-4BC2-826E-1418EF80618D}"
EndProject
Project("{9A19103F-16F7-4668-BE54-9A1E7A4F7556}") = "Intotech.Xerion.Chat.Models", "Backend\Intotech.Xerion.Chat\Intotech.Xerion.Chat.Models\Intotech.Xerion.Chat.Models.csproj", "{E455CE32-B6C4-442F-840D-74158D8A3D5A}"
EndProject
Project("{9A19103F-16F7-4668-BE54-9A1E7A4F7556}") = "Intotech.Xerion.Chat.Messaging", "Backend\Intotech.Xerion.Chat\Intotech.Xerion.Chat.Messaging\Intotech.Xerion.Chat.Messaging.csproj", "{D6B0EF46-5931-446C-8559-F89EB2BF7FDD}"
EndProject
Project("{9A19103F-16F7-4668-BE54-9A1E7A4F7556}") = "Intotech.Xerion.Chat.Tests", "Backend\Intotech.Xerion.Chat\Intotech.Xerion.Chat.Tests\Intotech.Xerion.Chat.Tests.csproj", "{97303181-7432-4085-B23A-BC8303B074BA}"
EndProject
Project("{9A19103F-16F7-4668-BE54-9A1E7A4F7556}") = "Intotech.Xerion.Chat.Messaging.Interfaces", "Backend\Intotech.Xerion.Chat\Intotech.Xerion.Chat.Messaging.Interfaces\Intotech.Xerion.Chat.Messaging.Interfaces.csproj", "{024308B7-0E99-4259-B211-7E57113C3E06}"
EndProject
Project("{2150E333-8FDC-42A3-9474-1A3956D46DE8}") = "Intotech.Xerion.ImageService", "Intotech.Xerion.ImageService", "{4A7DF023-26E3-4284-B577-6CF6CA3D9403}"
EndProject
Project("{9A19103F-16F7-4668-BE54-9A1E7A4F7556}") = "Intotech.Xerion.ImageService.Bll", "Backend\Intotech.Xerion.ImageService\Intotech.Xerion.ImageService.Bll\Intotech.Xerion.ImageService.Bll.csproj", "{89497A36-155E-4F3D-8DCE-85F942B02E0B}"
EndProject
Project("{9A19103F-16F7-4668-BE54-9A1E7A4F7556}") = "Intotech.Xerion.Dictionaries.Bll.Persistence.Interfaces", "Backend\Intotech.Xerion.Dictionaries\Intotech.Xerion.Dictionaries.Bll.Persistence.Interfaces\Intotech.Xerion.Dictionaries.Bll.Persistence.Interfaces.csproj", "{376E2991-1BB9-491F-B929-F92976988AEB}"
EndProject
Project("{9A19103F-16F7-4668-BE54-9A1E7A4F7556}") = "Intotech.Xerion.Dictionaries.Bll.Persistence", "Backend\Intotech.Xerion.Dictionaries\Intotech.Xerion.Dictionaries.Bll.Persistence\Intotech.Xerion.Dictionaries.Bll.Persistence.csproj", "{43DF3936-ABBE-4F67-9237-ECD3F475DC47}"
EndProject
Project("{9A19103F-16F7-4668-BE54-9A1E7A4F7556}") = "Intotech.Xerion.ImageService.Api", "Backend\Intotech.Xerion.ImageService\Intotech.Xerion.ImageService.Api\Intotech.Xerion.ImageService.Api.csproj", "{41E4636F-4E82-4587-8E96-FC33F85D2B82}"
EndProject
Project("{E53339B2-1760-4266-BCC7-CA923CBCF16C}") = "docker-compose", "docker-compose.dcproj", "{6046AA44-873A-452F-9485-403A6C1E7B44}"
EndProject
Project("{9A19103F-16F7-4668-BE54-9A1E7A4F7556}") = "Intotech.Common.Interfaces", "..\Intotech.Common\Intotech.Common.Interfaces\Intotech.Common.Interfaces.csproj", "{6F7F0C75-3AC6-4B5A-8AF2-0B2598C637CE}"
EndProject
Project("{9A19103F-16F7-4668-BE54-9A1E7A4F7556}") = "Intotech.Xerion.Database", "Backend\Intotech.Xerion.Database\Intotech.Xerion.Database.csproj", "{04F2654B-1696-4598-B147-7C9EB25B46CC}"
EndProject
Project("{9A19103F-16F7-4668-BE54-9A1E7A4F7556}") = "Intotech.Xerion.Bll.Manager", "Backend\Intotech.Xerion.Dictionaries\Intotech.Xerion.Bll.Manager\Intotech.Xerion.Bll.Manager.csproj", "{9E3B048F-ED58-4815-84D9-A89179B183B3}"
EndProject
Project("{9A19103F-16F7-4668-BE54-9A1E7A4F7556}") = "Intotech.Xerion.Bll.Manager.Interfaces", "Backend\Intotech.Xerion.Dictionaries\Intotech.Xerion.Bll.Manager.Interfaces\Intotech.Xerion.Bll.Manager.Interfaces.csproj", "{08D614E0-3551-4335-BE16-01E9D37DEED5}"
EndProject
Project("{FAE04EC0-301F-11D3-BF4B-00C04F79EFBC}") = "Intotech.Xerion.Dictionaries.Database", "Backend\Intotech.Xerion.Dictionaries\Intotech.Xerion.Dictionaries.Database\Intotech.Xerion.Dictionaries.Database.csproj", "{905975EA-93D0-40E4-B6C5-70EC443034C8}"
EndProject
Global
	GlobalSection(SolutionConfigurationPlatforms) = preSolution
		Debug|Any CPU = Debug|Any CPU
		Release|Any CPU = Release|Any CPU
	EndGlobalSection
	GlobalSection(ProjectConfigurationPlatforms) = postSolution
		{1AF2CBE6-8BF6-449F-A267-E7920724E407}.Debug|Any CPU.ActiveCfg = Debug|Any CPU
		{1AF2CBE6-8BF6-449F-A267-E7920724E407}.Debug|Any CPU.Build.0 = Debug|Any CPU
		{1AF2CBE6-8BF6-449F-A267-E7920724E407}.Release|Any CPU.ActiveCfg = Release|Any CPU
		{1AF2CBE6-8BF6-449F-A267-E7920724E407}.Release|Any CPU.Build.0 = Release|Any CPU
		{3C0A0F4A-89A1-45C0-BECC-E8645CB63297}.Debug|Any CPU.ActiveCfg = Debug|Any CPU
		{3C0A0F4A-89A1-45C0-BECC-E8645CB63297}.Debug|Any CPU.Build.0 = Debug|Any CPU
		{3C0A0F4A-89A1-45C0-BECC-E8645CB63297}.Release|Any CPU.ActiveCfg = Release|Any CPU
		{3C0A0F4A-89A1-45C0-BECC-E8645CB63297}.Release|Any CPU.Build.0 = Release|Any CPU
		{C2EE461A-26A6-4337-A2BD-846B2070A191}.Debug|Any CPU.ActiveCfg = Debug|Any CPU
		{C2EE461A-26A6-4337-A2BD-846B2070A191}.Debug|Any CPU.Build.0 = Debug|Any CPU
		{C2EE461A-26A6-4337-A2BD-846B2070A191}.Release|Any CPU.ActiveCfg = Release|Any CPU
		{C2EE461A-26A6-4337-A2BD-846B2070A191}.Release|Any CPU.Build.0 = Release|Any CPU
		{3F91D816-CA6A-48BE-AF0A-D75AEA056421}.Debug|Any CPU.ActiveCfg = Debug|Any CPU
		{3F91D816-CA6A-48BE-AF0A-D75AEA056421}.Debug|Any CPU.Build.0 = Debug|Any CPU
		{3F91D816-CA6A-48BE-AF0A-D75AEA056421}.Release|Any CPU.ActiveCfg = Release|Any CPU
		{3F91D816-CA6A-48BE-AF0A-D75AEA056421}.Release|Any CPU.Build.0 = Release|Any CPU
		{766C4C40-E569-46C3-B685-36F340997B2F}.Debug|Any CPU.ActiveCfg = Debug|Any CPU
		{766C4C40-E569-46C3-B685-36F340997B2F}.Debug|Any CPU.Build.0 = Debug|Any CPU
		{766C4C40-E569-46C3-B685-36F340997B2F}.Release|Any CPU.ActiveCfg = Release|Any CPU
		{766C4C40-E569-46C3-B685-36F340997B2F}.Release|Any CPU.Build.0 = Release|Any CPU
		{FA35095C-31E0-467E-B8FC-FDD43F794C50}.Debug|Any CPU.ActiveCfg = Debug|Any CPU
		{FA35095C-31E0-467E-B8FC-FDD43F794C50}.Debug|Any CPU.Build.0 = Debug|Any CPU
		{FA35095C-31E0-467E-B8FC-FDD43F794C50}.Release|Any CPU.ActiveCfg = Release|Any CPU
		{FA35095C-31E0-467E-B8FC-FDD43F794C50}.Release|Any CPU.Build.0 = Release|Any CPU
		{D101F989-7681-4EA4-BCA4-9116C6097A6B}.Debug|Any CPU.ActiveCfg = Debug|Any CPU
		{D101F989-7681-4EA4-BCA4-9116C6097A6B}.Debug|Any CPU.Build.0 = Debug|Any CPU
		{D101F989-7681-4EA4-BCA4-9116C6097A6B}.Release|Any CPU.ActiveCfg = Release|Any CPU
		{D101F989-7681-4EA4-BCA4-9116C6097A6B}.Release|Any CPU.Build.0 = Release|Any CPU
		{72A8C50B-6A86-429C-B484-3A4331B9CA07}.Debug|Any CPU.ActiveCfg = Debug|Any CPU
		{72A8C50B-6A86-429C-B484-3A4331B9CA07}.Debug|Any CPU.Build.0 = Debug|Any CPU
		{72A8C50B-6A86-429C-B484-3A4331B9CA07}.Release|Any CPU.ActiveCfg = Release|Any CPU
		{72A8C50B-6A86-429C-B484-3A4331B9CA07}.Release|Any CPU.Build.0 = Release|Any CPU
		{47E46CA4-27F2-436E-A6C0-310808881376}.Debug|Any CPU.ActiveCfg = Debug|Any CPU
		{47E46CA4-27F2-436E-A6C0-310808881376}.Debug|Any CPU.Build.0 = Debug|Any CPU
		{47E46CA4-27F2-436E-A6C0-310808881376}.Release|Any CPU.ActiveCfg = Release|Any CPU
		{47E46CA4-27F2-436E-A6C0-310808881376}.Release|Any CPU.Build.0 = Release|Any CPU
		{2000BA44-8FB0-46F2-868A-ADFEA3219476}.Debug|Any CPU.ActiveCfg = Debug|Any CPU
		{2000BA44-8FB0-46F2-868A-ADFEA3219476}.Debug|Any CPU.Build.0 = Debug|Any CPU
		{2000BA44-8FB0-46F2-868A-ADFEA3219476}.Release|Any CPU.ActiveCfg = Release|Any CPU
		{2000BA44-8FB0-46F2-868A-ADFEA3219476}.Release|Any CPU.Build.0 = Release|Any CPU
		{F47DE9FB-20BE-4F79-9BD3-D3D5422E867B}.Debug|Any CPU.ActiveCfg = Debug|Any CPU
		{F47DE9FB-20BE-4F79-9BD3-D3D5422E867B}.Debug|Any CPU.Build.0 = Debug|Any CPU
		{F47DE9FB-20BE-4F79-9BD3-D3D5422E867B}.Release|Any CPU.ActiveCfg = Release|Any CPU
		{F47DE9FB-20BE-4F79-9BD3-D3D5422E867B}.Release|Any CPU.Build.0 = Release|Any CPU
		{7FE82D82-1AEF-4316-9E16-6BDE08668D30}.Debug|Any CPU.ActiveCfg = Debug|Any CPU
		{7FE82D82-1AEF-4316-9E16-6BDE08668D30}.Debug|Any CPU.Build.0 = Debug|Any CPU
		{7FE82D82-1AEF-4316-9E16-6BDE08668D30}.Release|Any CPU.ActiveCfg = Release|Any CPU
		{7FE82D82-1AEF-4316-9E16-6BDE08668D30}.Release|Any CPU.Build.0 = Release|Any CPU
		{07B57C61-E597-4887-AC2C-E49A43745AFE}.Debug|Any CPU.ActiveCfg = Debug|Any CPU
		{07B57C61-E597-4887-AC2C-E49A43745AFE}.Debug|Any CPU.Build.0 = Debug|Any CPU
		{07B57C61-E597-4887-AC2C-E49A43745AFE}.Release|Any CPU.ActiveCfg = Release|Any CPU
		{07B57C61-E597-4887-AC2C-E49A43745AFE}.Release|Any CPU.Build.0 = Release|Any CPU
		{4B540972-6A5E-4FD3-BFEA-0FF0E23CA613}.Debug|Any CPU.ActiveCfg = Debug|Any CPU
		{4B540972-6A5E-4FD3-BFEA-0FF0E23CA613}.Debug|Any CPU.Build.0 = Debug|Any CPU
		{4B540972-6A5E-4FD3-BFEA-0FF0E23CA613}.Release|Any CPU.ActiveCfg = Release|Any CPU
		{4B540972-6A5E-4FD3-BFEA-0FF0E23CA613}.Release|Any CPU.Build.0 = Release|Any CPU
		{D4661DEE-FA82-436A-AADF-CCA124D3E2CD}.Debug|Any CPU.ActiveCfg = Debug|Any CPU
		{D4661DEE-FA82-436A-AADF-CCA124D3E2CD}.Debug|Any CPU.Build.0 = Debug|Any CPU
		{D4661DEE-FA82-436A-AADF-CCA124D3E2CD}.Release|Any CPU.ActiveCfg = Release|Any CPU
		{D4661DEE-FA82-436A-AADF-CCA124D3E2CD}.Release|Any CPU.Build.0 = Release|Any CPU
		{D70DE48F-D75E-4DC9-B8D2-A4CEDEF7C078}.Debug|Any CPU.ActiveCfg = Debug|Any CPU
		{D70DE48F-D75E-4DC9-B8D2-A4CEDEF7C078}.Debug|Any CPU.Build.0 = Debug|Any CPU
		{D70DE48F-D75E-4DC9-B8D2-A4CEDEF7C078}.Release|Any CPU.ActiveCfg = Release|Any CPU
		{D70DE48F-D75E-4DC9-B8D2-A4CEDEF7C078}.Release|Any CPU.Build.0 = Release|Any CPU
		{853E3081-65AB-4F29-ADA4-142356D54F35}.Debug|Any CPU.ActiveCfg = Debug|Any CPU
		{853E3081-65AB-4F29-ADA4-142356D54F35}.Debug|Any CPU.Build.0 = Debug|Any CPU
		{853E3081-65AB-4F29-ADA4-142356D54F35}.Release|Any CPU.ActiveCfg = Release|Any CPU
		{853E3081-65AB-4F29-ADA4-142356D54F35}.Release|Any CPU.Build.0 = Release|Any CPU
		{48B8F37C-0075-4DAA-BD08-C2F4CAB24D65}.Debug|Any CPU.ActiveCfg = Debug|Any CPU
		{48B8F37C-0075-4DAA-BD08-C2F4CAB24D65}.Debug|Any CPU.Build.0 = Debug|Any CPU
		{48B8F37C-0075-4DAA-BD08-C2F4CAB24D65}.Release|Any CPU.ActiveCfg = Release|Any CPU
		{48B8F37C-0075-4DAA-BD08-C2F4CAB24D65}.Release|Any CPU.Build.0 = Release|Any CPU
		{B2675076-1101-4058-AF05-78FDFAA59171}.Debug|Any CPU.ActiveCfg = Debug|Any CPU
		{B2675076-1101-4058-AF05-78FDFAA59171}.Debug|Any CPU.Build.0 = Debug|Any CPU
		{B2675076-1101-4058-AF05-78FDFAA59171}.Release|Any CPU.ActiveCfg = Release|Any CPU
		{B2675076-1101-4058-AF05-78FDFAA59171}.Release|Any CPU.Build.0 = Release|Any CPU
		{EB24C52A-20DB-41EE-B0B3-B84C4F980619}.Debug|Any CPU.ActiveCfg = Debug|Any CPU
		{EB24C52A-20DB-41EE-B0B3-B84C4F980619}.Debug|Any CPU.Build.0 = Debug|Any CPU
		{EB24C52A-20DB-41EE-B0B3-B84C4F980619}.Release|Any CPU.ActiveCfg = Release|Any CPU
		{EB24C52A-20DB-41EE-B0B3-B84C4F980619}.Release|Any CPU.Build.0 = Release|Any CPU
		{7985D176-2969-4EDD-AAE2-7EB133749374}.Debug|Any CPU.ActiveCfg = Debug|Any CPU
		{7985D176-2969-4EDD-AAE2-7EB133749374}.Debug|Any CPU.Build.0 = Debug|Any CPU
		{7985D176-2969-4EDD-AAE2-7EB133749374}.Release|Any CPU.ActiveCfg = Release|Any CPU
		{7985D176-2969-4EDD-AAE2-7EB133749374}.Release|Any CPU.Build.0 = Release|Any CPU
		{A1F5C1CD-BCEB-450E-B770-EB47C97633FD}.Debug|Any CPU.ActiveCfg = Debug|Any CPU
		{A1F5C1CD-BCEB-450E-B770-EB47C97633FD}.Debug|Any CPU.Build.0 = Debug|Any CPU
		{A1F5C1CD-BCEB-450E-B770-EB47C97633FD}.Release|Any CPU.ActiveCfg = Release|Any CPU
		{A1F5C1CD-BCEB-450E-B770-EB47C97633FD}.Release|Any CPU.Build.0 = Release|Any CPU
		{3A4AC045-DA2C-451E-8D27-AF17538112F8}.Debug|Any CPU.ActiveCfg = Debug|Any CPU
		{3A4AC045-DA2C-451E-8D27-AF17538112F8}.Debug|Any CPU.Build.0 = Debug|Any CPU
		{3A4AC045-DA2C-451E-8D27-AF17538112F8}.Release|Any CPU.ActiveCfg = Release|Any CPU
		{3A4AC045-DA2C-451E-8D27-AF17538112F8}.Release|Any CPU.Build.0 = Release|Any CPU
		{4DF695FF-85A0-4C75-9C6E-C7F38B3A3812}.Debug|Any CPU.ActiveCfg = Debug|Any CPU
		{4DF695FF-85A0-4C75-9C6E-C7F38B3A3812}.Debug|Any CPU.Build.0 = Debug|Any CPU
		{4DF695FF-85A0-4C75-9C6E-C7F38B3A3812}.Release|Any CPU.ActiveCfg = Release|Any CPU
		{4DF695FF-85A0-4C75-9C6E-C7F38B3A3812}.Release|Any CPU.Build.0 = Release|Any CPU
		{7FA432AF-2074-4CE9-9F3D-6BE48A4DC75A}.Debug|Any CPU.ActiveCfg = Debug|Any CPU
		{7FA432AF-2074-4CE9-9F3D-6BE48A4DC75A}.Debug|Any CPU.Build.0 = Debug|Any CPU
		{7FA432AF-2074-4CE9-9F3D-6BE48A4DC75A}.Release|Any CPU.ActiveCfg = Release|Any CPU
		{7FA432AF-2074-4CE9-9F3D-6BE48A4DC75A}.Release|Any CPU.Build.0 = Release|Any CPU
		{3EB4C730-8F73-4887-BB5C-5E7900DA7439}.Debug|Any CPU.ActiveCfg = Debug|Any CPU
		{3EB4C730-8F73-4887-BB5C-5E7900DA7439}.Debug|Any CPU.Build.0 = Debug|Any CPU
		{3EB4C730-8F73-4887-BB5C-5E7900DA7439}.Release|Any CPU.ActiveCfg = Release|Any CPU
		{3EB4C730-8F73-4887-BB5C-5E7900DA7439}.Release|Any CPU.Build.0 = Release|Any CPU
		{41D90402-125F-43F0-94B2-39C484535960}.Debug|Any CPU.ActiveCfg = Debug|Any CPU
		{41D90402-125F-43F0-94B2-39C484535960}.Debug|Any CPU.Build.0 = Debug|Any CPU
		{41D90402-125F-43F0-94B2-39C484535960}.Release|Any CPU.ActiveCfg = Release|Any CPU
		{41D90402-125F-43F0-94B2-39C484535960}.Release|Any CPU.Build.0 = Release|Any CPU
		{3C9EA402-45EE-4A6E-9D2C-5E87AAF214EC}.Debug|Any CPU.ActiveCfg = Debug|Any CPU
		{3C9EA402-45EE-4A6E-9D2C-5E87AAF214EC}.Debug|Any CPU.Build.0 = Debug|Any CPU
		{3C9EA402-45EE-4A6E-9D2C-5E87AAF214EC}.Release|Any CPU.ActiveCfg = Release|Any CPU
		{3C9EA402-45EE-4A6E-9D2C-5E87AAF214EC}.Release|Any CPU.Build.0 = Release|Any CPU
		{C24EC2E6-4B2B-4F09-B674-4A9A57FD9F2C}.Debug|Any CPU.ActiveCfg = Debug|Any CPU
		{C24EC2E6-4B2B-4F09-B674-4A9A57FD9F2C}.Debug|Any CPU.Build.0 = Debug|Any CPU
		{C24EC2E6-4B2B-4F09-B674-4A9A57FD9F2C}.Release|Any CPU.ActiveCfg = Release|Any CPU
		{C24EC2E6-4B2B-4F09-B674-4A9A57FD9F2C}.Release|Any CPU.Build.0 = Release|Any CPU
		{F9F96CB1-CE02-4C2C-AA11-10923A7000E6}.Debug|Any CPU.ActiveCfg = Debug|Any CPU
		{F9F96CB1-CE02-4C2C-AA11-10923A7000E6}.Debug|Any CPU.Build.0 = Debug|Any CPU
		{F9F96CB1-CE02-4C2C-AA11-10923A7000E6}.Release|Any CPU.ActiveCfg = Release|Any CPU
		{F9F96CB1-CE02-4C2C-AA11-10923A7000E6}.Release|Any CPU.Build.0 = Release|Any CPU
		{CB6AAFF3-2795-4BC2-826E-1418EF80618D}.Debug|Any CPU.ActiveCfg = Debug|Any CPU
		{CB6AAFF3-2795-4BC2-826E-1418EF80618D}.Debug|Any CPU.Build.0 = Debug|Any CPU
		{CB6AAFF3-2795-4BC2-826E-1418EF80618D}.Release|Any CPU.ActiveCfg = Release|Any CPU
		{CB6AAFF3-2795-4BC2-826E-1418EF80618D}.Release|Any CPU.Build.0 = Release|Any CPU
		{E455CE32-B6C4-442F-840D-74158D8A3D5A}.Debug|Any CPU.ActiveCfg = Debug|Any CPU
		{E455CE32-B6C4-442F-840D-74158D8A3D5A}.Debug|Any CPU.Build.0 = Debug|Any CPU
		{E455CE32-B6C4-442F-840D-74158D8A3D5A}.Release|Any CPU.ActiveCfg = Release|Any CPU
		{E455CE32-B6C4-442F-840D-74158D8A3D5A}.Release|Any CPU.Build.0 = Release|Any CPU
		{D6B0EF46-5931-446C-8559-F89EB2BF7FDD}.Debug|Any CPU.ActiveCfg = Debug|Any CPU
		{D6B0EF46-5931-446C-8559-F89EB2BF7FDD}.Debug|Any CPU.Build.0 = Debug|Any CPU
		{D6B0EF46-5931-446C-8559-F89EB2BF7FDD}.Release|Any CPU.ActiveCfg = Release|Any CPU
		{D6B0EF46-5931-446C-8559-F89EB2BF7FDD}.Release|Any CPU.Build.0 = Release|Any CPU
		{97303181-7432-4085-B23A-BC8303B074BA}.Debug|Any CPU.ActiveCfg = Debug|Any CPU
		{97303181-7432-4085-B23A-BC8303B074BA}.Debug|Any CPU.Build.0 = Debug|Any CPU
		{97303181-7432-4085-B23A-BC8303B074BA}.Release|Any CPU.ActiveCfg = Release|Any CPU
		{97303181-7432-4085-B23A-BC8303B074BA}.Release|Any CPU.Build.0 = Release|Any CPU
		{024308B7-0E99-4259-B211-7E57113C3E06}.Debug|Any CPU.ActiveCfg = Debug|Any CPU
		{024308B7-0E99-4259-B211-7E57113C3E06}.Debug|Any CPU.Build.0 = Debug|Any CPU
		{024308B7-0E99-4259-B211-7E57113C3E06}.Release|Any CPU.ActiveCfg = Release|Any CPU
		{024308B7-0E99-4259-B211-7E57113C3E06}.Release|Any CPU.Build.0 = Release|Any CPU
		{89497A36-155E-4F3D-8DCE-85F942B02E0B}.Debug|Any CPU.ActiveCfg = Debug|Any CPU
		{89497A36-155E-4F3D-8DCE-85F942B02E0B}.Debug|Any CPU.Build.0 = Debug|Any CPU
		{89497A36-155E-4F3D-8DCE-85F942B02E0B}.Release|Any CPU.ActiveCfg = Release|Any CPU
		{89497A36-155E-4F3D-8DCE-85F942B02E0B}.Release|Any CPU.Build.0 = Release|Any CPU
		{376E2991-1BB9-491F-B929-F92976988AEB}.Debug|Any CPU.ActiveCfg = Debug|Any CPU
		{376E2991-1BB9-491F-B929-F92976988AEB}.Debug|Any CPU.Build.0 = Debug|Any CPU
		{376E2991-1BB9-491F-B929-F92976988AEB}.Release|Any CPU.ActiveCfg = Release|Any CPU
		{376E2991-1BB9-491F-B929-F92976988AEB}.Release|Any CPU.Build.0 = Release|Any CPU
		{43DF3936-ABBE-4F67-9237-ECD3F475DC47}.Debug|Any CPU.ActiveCfg = Debug|Any CPU
		{43DF3936-ABBE-4F67-9237-ECD3F475DC47}.Debug|Any CPU.Build.0 = Debug|Any CPU
		{43DF3936-ABBE-4F67-9237-ECD3F475DC47}.Release|Any CPU.ActiveCfg = Release|Any CPU
		{43DF3936-ABBE-4F67-9237-ECD3F475DC47}.Release|Any CPU.Build.0 = Release|Any CPU
		{41E4636F-4E82-4587-8E96-FC33F85D2B82}.Debug|Any CPU.ActiveCfg = Debug|Any CPU
		{41E4636F-4E82-4587-8E96-FC33F85D2B82}.Debug|Any CPU.Build.0 = Debug|Any CPU
		{41E4636F-4E82-4587-8E96-FC33F85D2B82}.Release|Any CPU.ActiveCfg = Release|Any CPU
		{41E4636F-4E82-4587-8E96-FC33F85D2B82}.Release|Any CPU.Build.0 = Release|Any CPU
		{6046AA44-873A-452F-9485-403A6C1E7B44}.Debug|Any CPU.ActiveCfg = Debug|Any CPU
		{6046AA44-873A-452F-9485-403A6C1E7B44}.Debug|Any CPU.Build.0 = Debug|Any CPU
		{6046AA44-873A-452F-9485-403A6C1E7B44}.Release|Any CPU.ActiveCfg = Release|Any CPU
		{6046AA44-873A-452F-9485-403A6C1E7B44}.Release|Any CPU.Build.0 = Release|Any CPU
		{6F7F0C75-3AC6-4B5A-8AF2-0B2598C637CE}.Debug|Any CPU.ActiveCfg = Debug|Any CPU
		{6F7F0C75-3AC6-4B5A-8AF2-0B2598C637CE}.Debug|Any CPU.Build.0 = Debug|Any CPU
		{6F7F0C75-3AC6-4B5A-8AF2-0B2598C637CE}.Release|Any CPU.ActiveCfg = Release|Any CPU
		{6F7F0C75-3AC6-4B5A-8AF2-0B2598C637CE}.Release|Any CPU.Build.0 = Release|Any CPU
		{04F2654B-1696-4598-B147-7C9EB25B46CC}.Debug|Any CPU.ActiveCfg = Debug|Any CPU
		{04F2654B-1696-4598-B147-7C9EB25B46CC}.Debug|Any CPU.Build.0 = Debug|Any CPU
		{04F2654B-1696-4598-B147-7C9EB25B46CC}.Release|Any CPU.ActiveCfg = Release|Any CPU
		{04F2654B-1696-4598-B147-7C9EB25B46CC}.Release|Any CPU.Build.0 = Release|Any CPU
		{9E3B048F-ED58-4815-84D9-A89179B183B3}.Debug|Any CPU.ActiveCfg = Debug|Any CPU
		{9E3B048F-ED58-4815-84D9-A89179B183B3}.Debug|Any CPU.Build.0 = Debug|Any CPU
		{9E3B048F-ED58-4815-84D9-A89179B183B3}.Release|Any CPU.ActiveCfg = Release|Any CPU
		{9E3B048F-ED58-4815-84D9-A89179B183B3}.Release|Any CPU.Build.0 = Release|Any CPU
		{08D614E0-3551-4335-BE16-01E9D37DEED5}.Debug|Any CPU.ActiveCfg = Debug|Any CPU
		{08D614E0-3551-4335-BE16-01E9D37DEED5}.Debug|Any CPU.Build.0 = Debug|Any CPU
		{08D614E0-3551-4335-BE16-01E9D37DEED5}.Release|Any CPU.ActiveCfg = Release|Any CPU
		{08D614E0-3551-4335-BE16-01E9D37DEED5}.Release|Any CPU.Build.0 = Release|Any CPU
		{905975EA-93D0-40E4-B6C5-70EC443034C8}.Debug|Any CPU.ActiveCfg = Debug|Any CPU
		{905975EA-93D0-40E4-B6C5-70EC443034C8}.Debug|Any CPU.Build.0 = Debug|Any CPU
		{905975EA-93D0-40E4-B6C5-70EC443034C8}.Release|Any CPU.ActiveCfg = Release|Any CPU
		{905975EA-93D0-40E4-B6C5-70EC443034C8}.Release|Any CPU.Build.0 = Release|Any CPU
	EndGlobalSection
	GlobalSection(SolutionProperties) = preSolution
		HideSolutionNode = FALSE
	EndGlobalSection
	GlobalSection(NestedProjects) = preSolution
		{1AF2CBE6-8BF6-449F-A267-E7920724E407} = {851E6B87-BB63-4020-BDFE-5D3700053BA8}
		{3C0A0F4A-89A1-45C0-BECC-E8645CB63297} = {851E6B87-BB63-4020-BDFE-5D3700053BA8}
		{C2EE461A-26A6-4337-A2BD-846B2070A191} = {851E6B87-BB63-4020-BDFE-5D3700053BA8}
		{3F91D816-CA6A-48BE-AF0A-D75AEA056421} = {851E6B87-BB63-4020-BDFE-5D3700053BA8}
		{766C4C40-E569-46C3-B685-36F340997B2F} = {851E6B87-BB63-4020-BDFE-5D3700053BA8}
		{FA35095C-31E0-467E-B8FC-FDD43F794C50} = {851E6B87-BB63-4020-BDFE-5D3700053BA8}
		{D101F989-7681-4EA4-BCA4-9116C6097A6B} = {851E6B87-BB63-4020-BDFE-5D3700053BA8}
		{72A8C50B-6A86-429C-B484-3A4331B9CA07} = {851E6B87-BB63-4020-BDFE-5D3700053BA8}
		{47E46CA4-27F2-436E-A6C0-310808881376} = {851E6B87-BB63-4020-BDFE-5D3700053BA8}
		{2000BA44-8FB0-46F2-868A-ADFEA3219476} = {851E6B87-BB63-4020-BDFE-5D3700053BA8}
		{F47DE9FB-20BE-4F79-9BD3-D3D5422E867B} = {851E6B87-BB63-4020-BDFE-5D3700053BA8}
		{B2675076-1101-4058-AF05-78FDFAA59171} = {837E60F0-2611-4068-9B41-EE508E668B2E}
		{EB24C52A-20DB-41EE-B0B3-B84C4F980619} = {1F3F906D-6777-4170-BB05-130379C0FD51}
		{7985D176-2969-4EDD-AAE2-7EB133749374} = {837E60F0-2611-4068-9B41-EE508E668B2E}
		{A1F5C1CD-BCEB-450E-B770-EB47C97633FD} = {1F3F906D-6777-4170-BB05-130379C0FD51}
		{3EB4C730-8F73-4887-BB5C-5E7900DA7439} = {A43D89E9-98B8-44EE-8D4D-502F203C6F61}
		{41D90402-125F-43F0-94B2-39C484535960} = {A43D89E9-98B8-44EE-8D4D-502F203C6F61}
		{3C9EA402-45EE-4A6E-9D2C-5E87AAF214EC} = {A43D89E9-98B8-44EE-8D4D-502F203C6F61}
		{C24EC2E6-4B2B-4F09-B674-4A9A57FD9F2C} = {A43D89E9-98B8-44EE-8D4D-502F203C6F61}
		{F9F96CB1-CE02-4C2C-AA11-10923A7000E6} = {A43D89E9-98B8-44EE-8D4D-502F203C6F61}
		{CB6AAFF3-2795-4BC2-826E-1418EF80618D} = {A43D89E9-98B8-44EE-8D4D-502F203C6F61}
		{E455CE32-B6C4-442F-840D-74158D8A3D5A} = {A43D89E9-98B8-44EE-8D4D-502F203C6F61}
		{D6B0EF46-5931-446C-8559-F89EB2BF7FDD} = {A43D89E9-98B8-44EE-8D4D-502F203C6F61}
		{97303181-7432-4085-B23A-BC8303B074BA} = {A43D89E9-98B8-44EE-8D4D-502F203C6F61}
		{024308B7-0E99-4259-B211-7E57113C3E06} = {A43D89E9-98B8-44EE-8D4D-502F203C6F61}
		{89497A36-155E-4F3D-8DCE-85F942B02E0B} = {4A7DF023-26E3-4284-B577-6CF6CA3D9403}
		{376E2991-1BB9-491F-B929-F92976988AEB} = {1F3F906D-6777-4170-BB05-130379C0FD51}
		{43DF3936-ABBE-4F67-9237-ECD3F475DC47} = {1F3F906D-6777-4170-BB05-130379C0FD51}
		{41E4636F-4E82-4587-8E96-FC33F85D2B82} = {4A7DF023-26E3-4284-B577-6CF6CA3D9403}
		{6F7F0C75-3AC6-4B5A-8AF2-0B2598C637CE} = {851E6B87-BB63-4020-BDFE-5D3700053BA8}
		{9E3B048F-ED58-4815-84D9-A89179B183B3} = {1F3F906D-6777-4170-BB05-130379C0FD51}
		{08D614E0-3551-4335-BE16-01E9D37DEED5} = {1F3F906D-6777-4170-BB05-130379C0FD51}
		{905975EA-93D0-40E4-B6C5-70EC443034C8} = {1F3F906D-6777-4170-BB05-130379C0FD51}
	EndGlobalSection
	GlobalSection(ExtensibilityGlobals) = postSolution
		SolutionGuid = {37EB9609-5A62-4A1B-87D3-AE6ABEF4301C}
	EndGlobalSection
EndGlobal
